
Microsoft Visual Studio Solution File, Format Version 12.00
# Visual Studio Version 17
VisualStudioVersion = 17.7.34018.315
MinimumVisualStudioVersion = 10.0.40219.1
Project("{FAE04EC0-301F-11D3-BF4B-00C04F79EFBC}") = "WordPad_WinForm", "WordPad_WinForm\WordPad_WinForm.csproj", "{19B55B3A-B6AF-4548-974A-F1135440E33D}"
EndProject
Global
	GlobalSection(SolutionConfigurationPlatforms) = preSolution
		Debug|Any CPU = Debug|Any CPU
		Release|Any CPU = Release|Any CPU
	EndGlobalSection
	GlobalSection(ProjectConfigurationPlatforms) = postSolution
		{19B55B3A-B6AF-4548-974A-F1135440E33D}.Debug|Any CPU.ActiveCfg = Debug|Any CPU
		{19B55B3A-B6AF-4548-974A-F1135440E33D}.Debug|Any CPU.Build.0 = Debug|Any CPU
		{19B55B3A-B6AF-4548-974A-F1135440E33D}.Release|Any CPU.ActiveCfg = Release|Any CPU
		{19B55B3A-B6AF-4548-974A-F1135440E33D}.Release|Any CPU.Build.0 = Release|Any CPU
	EndGlobalSection
	GlobalSection(SolutionProperties) = preSolution
		HideSolutionNode = FALSE
	EndGlobalSection
	GlobalSection(ExtensibilityGlobals) = postSolution
		SolutionGuid = {3A1EA6EE-E848-41A6-8CDC-25202AA27FE4}
	EndGlobalSection
EndGlobal
